
Microsoft Visual Studio Solution File, Format Version 12.00
# Visual Studio Version 16
VisualStudioVersion = 16.0.31129.286
MinimumVisualStudioVersion = 10.0.40219.1
Project("{FAE04EC0-301F-11D3-BF4B-00C04F79EFBC}") = "Test1", "Test1\Test1.csproj", "{EF57F6EE-4803-420D-B725-FB5D1CA2D447}"
EndProject
Global
	GlobalSection(SolutionConfigurationPlatforms) = preSolution
		Debug|Any CPU = Debug|Any CPU
		Release|Any CPU = Release|Any CPU
	EndGlobalSection
	GlobalSection(ProjectConfigurationPlatforms) = postSolution
		{EF57F6EE-4803-420D-B725-FB5D1CA2D447}.Debug|Any CPU.ActiveCfg = Debug|Any CPU
		{EF57F6EE-4803-420D-B725-FB5D1CA2D447}.Debug|Any CPU.Build.0 = Debug|Any CPU
		{EF57F6EE-4803-420D-B725-FB5D1CA2D447}.Release|Any CPU.ActiveCfg = Release|Any CPU
		{EF57F6EE-4803-420D-B725-FB5D1CA2D447}.Release|Any CPU.Build.0 = Release|Any CPU
	EndGlobalSection
	GlobalSection(SolutionProperties) = preSolution
		HideSolutionNode = FALSE
	EndGlobalSection
	GlobalSection(ExtensibilityGlobals) = postSolution
		SolutionGuid = {7B768E01-DE47-4C00-A9D0-9490F45583A8}
	EndGlobalSection
EndGlobal
